
Microsoft Visual Studio Solution File, Format Version 12.00
# Visual Studio Version 17
VisualStudioVersion = 17.5.002.0
MinimumVisualStudioVersion = 10.0.40219.1
Project("{9A19103F-16F7-4668-BE54-9A1E7A4F7556}") = "callcentersk", "callcentersk.csproj", "{115466E6-4D1D-406D-9D0B-F692BFF21E92}"
EndProject
Global
	GlobalSection(SolutionConfigurationPlatforms) = preSolution
		Debug|Any CPU = Debug|Any CPU
		Release|Any CPU = Release|Any CPU
	EndGlobalSection
	GlobalSection(ProjectConfigurationPlatforms) = postSolution
		{115466E6-4D1D-406D-9D0B-F692BFF21E92}.Debug|Any CPU.ActiveCfg = Debug|Any CPU
		{115466E6-4D1D-406D-9D0B-F692BFF21E92}.Debug|Any CPU.Build.0 = Debug|Any CPU
		{115466E6-4D1D-406D-9D0B-F692BFF21E92}.Release|Any CPU.ActiveCfg = Release|Any CPU
		{115466E6-4D1D-406D-9D0B-F692BFF21E92}.Release|Any CPU.Build.0 = Release|Any CPU
	EndGlobalSection
	GlobalSection(SolutionProperties) = preSolution
		HideSolutionNode = FALSE
	EndGlobalSection
	GlobalSection(ExtensibilityGlobals) = postSolution
		SolutionGuid = {762096D2-9F73-4770-8B85-65688DCBA01A}
	EndGlobalSection
EndGlobal
